
Microsoft Visual Studio Solution File, Format Version 12.00
# Visual Studio Version 16
VisualStudioVersion = 16.0.31205.134
MinimumVisualStudioVersion = 10.0.40219.1
Project("{FAE04EC0-301F-11D3-BF4B-00C04F79EFBC}") = "HOTEL_PROJECT", "HOTEL_PROJECT\HOTEL_PROJECT.csproj", "{ACAA21F0-0C6C-41F3-847D-5BF8469055BE}"
EndProject
Global
	GlobalSection(SolutionConfigurationPlatforms) = preSolution
		Debug|Any CPU = Debug|Any CPU
		Release|Any CPU = Release|Any CPU
	EndGlobalSection
	GlobalSection(ProjectConfigurationPlatforms) = postSolution
		{ACAA21F0-0C6C-41F3-847D-5BF8469055BE}.Debug|Any CPU.ActiveCfg = Debug|Any CPU
		{ACAA21F0-0C6C-41F3-847D-5BF8469055BE}.Debug|Any CPU.Build.0 = Debug|Any CPU
		{ACAA21F0-0C6C-41F3-847D-5BF8469055BE}.Release|Any CPU.ActiveCfg = Release|Any CPU
		{ACAA21F0-0C6C-41F3-847D-5BF8469055BE}.Release|Any CPU.Build.0 = Release|Any CPU
	EndGlobalSection
	GlobalSection(SolutionProperties) = preSolution
		HideSolutionNode = FALSE
	EndGlobalSection
	GlobalSection(ExtensibilityGlobals) = postSolution
		SolutionGuid = {C6517C91-DF9E-42BE-A1C9-F09351F0A581}
	EndGlobalSection
EndGlobal
